
Microsoft Visual Studio Solution File, Format Version 12.00
# Visual Studio Version 17
VisualStudioVersion = 17.12.35707.178
MinimumVisualStudioVersion = 10.0.40219.1
Project("{FAE04EC0-301F-11D3-BF4B-00C04F79EFBC}") = "dvd", "dvd\dvd.csproj", "{9C549821-B113-463A-9598-961895D954DD}"
EndProject
Project("{FAE04EC0-301F-11D3-BF4B-00C04F79EFBC}") = "Pong Game", "Pong Game\Pong Game.csproj", "{2C6EE63F-2E0D-4809-B1E9-223AD709F1C7}"
EndProject
Project("{FAE04EC0-301F-11D3-BF4B-00C04F79EFBC}") = "TankGame", "TankGame\TankGame.csproj", "{212836B5-C888-426A-B4C0-B66AF26C7BBB}"
EndProject
Project("{FAE04EC0-301F-11D3-BF4B-00C04F79EFBC}") = "Artillery", "Artillery\Artillery.csproj", "{2AB385D1-EC41-42AE-B45C-85C236BC7EBC}"
EndProject
Global
	GlobalSection(SolutionConfigurationPlatforms) = preSolution
		Debug|Any CPU = Debug|Any CPU
		Release|Any CPU = Release|Any CPU
	EndGlobalSection
	GlobalSection(ProjectConfigurationPlatforms) = postSolution
		{9C549821-B113-463A-9598-961895D954DD}.Debug|Any CPU.ActiveCfg = Debug|Any CPU
		{9C549821-B113-463A-9598-961895D954DD}.Debug|Any CPU.Build.0 = Debug|Any CPU
		{9C549821-B113-463A-9598-961895D954DD}.Release|Any CPU.ActiveCfg = Release|Any CPU
		{9C549821-B113-463A-9598-961895D954DD}.Release|Any CPU.Build.0 = Release|Any CPU
		{2C6EE63F-2E0D-4809-B1E9-223AD709F1C7}.Debug|Any CPU.ActiveCfg = Debug|Any CPU
		{2C6EE63F-2E0D-4809-B1E9-223AD709F1C7}.Debug|Any CPU.Build.0 = Debug|Any CPU
		{2C6EE63F-2E0D-4809-B1E9-223AD709F1C7}.Release|Any CPU.ActiveCfg = Release|Any CPU
		{2C6EE63F-2E0D-4809-B1E9-223AD709F1C7}.Release|Any CPU.Build.0 = Release|Any CPU
		{212836B5-C888-426A-B4C0-B66AF26C7BBB}.Debug|Any CPU.ActiveCfg = Debug|Any CPU
		{212836B5-C888-426A-B4C0-B66AF26C7BBB}.Debug|Any CPU.Build.0 = Debug|Any CPU
		{212836B5-C888-426A-B4C0-B66AF26C7BBB}.Release|Any CPU.ActiveCfg = Release|Any CPU
		{212836B5-C888-426A-B4C0-B66AF26C7BBB}.Release|Any CPU.Build.0 = Release|Any CPU
		{2AB385D1-EC41-42AE-B45C-85C236BC7EBC}.Debug|Any CPU.ActiveCfg = Debug|Any CPU
		{2AB385D1-EC41-42AE-B45C-85C236BC7EBC}.Debug|Any CPU.Build.0 = Debug|Any CPU
		{2AB385D1-EC41-42AE-B45C-85C236BC7EBC}.Release|Any CPU.ActiveCfg = Release|Any CPU
		{2AB385D1-EC41-42AE-B45C-85C236BC7EBC}.Release|Any CPU.Build.0 = Release|Any CPU
	EndGlobalSection
	GlobalSection(SolutionProperties) = preSolution
		HideSolutionNode = FALSE
	EndGlobalSection
EndGlobal
